PODS:
  - Flutter (1.0.0)
  - lokstory_flutter_lottie (0.0.1):
    - Flutter
    - lottie-ios
  - lottie-ios (3.1.5)

DEPENDENCIES:
  - Flutter (from `.symlinks/flutter/ios`)
  - lokstory_flutter_lottie (from `.symlinks/plugins/lokstory_flutter_lottie/ios`)

SPEC REPOS:
  trunk:
    - lottie-ios

EXTERNAL SOURCES:
  Flutter:
    :path: ".symlinks/flutter/ios"
  lokstory_flutter_lottie:
    :path: ".symlinks/plugins/lokstory_flutter_lottie/ios"

SPEC CHECKSUMS:
  Flutter: 0e3d915762c693b495b44d77113d4970485de6ec
  lokstory_flutter_lottie: 2be404293832bca7252bd735c77e3b0585308282
  lottie-ios: 32bf84389337d86fbc8b12266e88452e0abf1dee

PODFILE CHECKSUM: c850d017f4e680d2497e236f7fccc1e8fbb1fe7b

COCOAPODS: 1.8.4
